
Microsoft Visual Studio Solution File, Format Version 12.00
# Visual Studio 15
VisualStudioVersion = 15.0.28307.852
MinimumVisualStudioVersion = 10.0.40219.1
Project("{FAE04EC0-301F-11D3-BF4B-00C04F79EFBC}") = "UserControl", "UserControl\UserControl.csproj", "{A3CA6E07-B4E7-4FB6-9571-D7517E5FD690}"
EndProject
Global
	GlobalSection(SolutionConfigurationPlatforms) = preSolution
		Debug|Any CPU = Debug|Any CPU
		Release|Any CPU = Release|Any CPU
	EndGlobalSection
	GlobalSection(ProjectConfigurationPlatforms) = postSolution
		{A3CA6E07-B4E7-4FB6-9571-D7517E5FD690}.Debug|Any CPU.ActiveCfg = Debug|Any CPU
		{A3CA6E07-B4E7-4FB6-9571-D7517E5FD690}.Debug|Any CPU.Build.0 = Debug|Any CPU
		{A3CA6E07-B4E7-4FB6-9571-D7517E5FD690}.Release|Any CPU.ActiveCfg = Release|Any CPU
		{A3CA6E07-B4E7-4FB6-9571-D7517E5FD690}.Release|Any CPU.Build.0 = Release|Any CPU
	EndGlobalSection
	GlobalSection(SolutionProperties) = preSolution
		HideSolutionNode = FALSE
	EndGlobalSection
	GlobalSection(ExtensibilityGlobals) = postSolution
		SolutionGuid = {9CA62AEB-0A6B-4FFD-9B7D-116CF5B77666}
	EndGlobalSection
EndGlobal
